
Microsoft Visual Studio Solution File, Format Version 12.00
# Visual Studio Version 17
VisualStudioVersion = 17.0.32014.148
MinimumVisualStudioVersion = 10.0.40219.1
Project("{FAE04EC0-301F-11D3-BF4B-00C04F79EFBC}") = "EquityDerivativesPricer", "EquityDerivativesPricer.csproj", "{4CED6F65-7E9D-4141-9955-8FC6C46434E4}"
EndProject
Global
	GlobalSection(SolutionConfigurationPlatforms) = preSolution
		Debug|Any CPU = Debug|Any CPU
		Release|Any CPU = Release|Any CPU
	EndGlobalSection
	GlobalSection(ProjectConfigurationPlatforms) = postSolution
		{4CED6F65-7E9D-4141-9955-8FC6C46434E4}.Debug|Any CPU.ActiveCfg = Debug|Any CPU
		{4CED6F65-7E9D-4141-9955-8FC6C46434E4}.Debug|Any CPU.Build.0 = Debug|Any CPU
		{4CED6F65-7E9D-4141-9955-8FC6C46434E4}.Release|Any CPU.ActiveCfg = Release|Any CPU
		{4CED6F65-7E9D-4141-9955-8FC6C46434E4}.Release|Any CPU.Build.0 = Release|Any CPU
	EndGlobalSection
	GlobalSection(SolutionProperties) = preSolution
		HideSolutionNode = FALSE
	EndGlobalSection
	GlobalSection(ExtensibilityGlobals) = postSolution
		SolutionGuid = {1C7D8379-2920-43C2-B44A-D68716A148AA}
	EndGlobalSection
EndGlobal
